
Microsoft Visual Studio Solution File, Format Version 12.00
# Visual Studio Version 17
VisualStudioVersion = 17.4.33213.308
MinimumVisualStudioVersion = 10.0.40219.1
Project("{FAE04EC0-301F-11D3-BF4B-00C04F79EFBC}") = "AuctionSite.Domain", "AuctionSite.Domain\AuctionSite.Domain.csproj", "{53D666A8-C098-4754-960A-C443695B05DE}"
EndProject
Global
	GlobalSection(SolutionConfigurationPlatforms) = preSolution
		Debug|Any CPU = Debug|Any CPU
		Release|Any CPU = Release|Any CPU
	EndGlobalSection
	GlobalSection(ProjectConfigurationPlatforms) = postSolution
		{53D666A8-C098-4754-960A-C443695B05DE}.Debug|Any CPU.ActiveCfg = Debug|Any CPU
		{53D666A8-C098-4754-960A-C443695B05DE}.Debug|Any CPU.Build.0 = Debug|Any CPU
		{53D666A8-C098-4754-960A-C443695B05DE}.Release|Any CPU.ActiveCfg = Release|Any CPU
		{53D666A8-C098-4754-960A-C443695B05DE}.Release|Any CPU.Build.0 = Release|Any CPU
	EndGlobalSection
	GlobalSection(SolutionProperties) = preSolution
		HideSolutionNode = FALSE
	EndGlobalSection
	GlobalSection(ExtensibilityGlobals) = postSolution
		SolutionGuid = {D0584DCF-CA33-463C-8FD8-659E41200F89}
	EndGlobalSection
EndGlobal
